
Microsoft Visual Studio Solution File, Format Version 12.00
# Visual Studio Version 17
VisualStudioVersion = 17.14.36221.1 d17.14
MinimumVisualStudioVersion = 10.0.40219.1
Project("{FAE04EC0-301F-11D3-BF4B-00C04F79EFBC}") = "Assignment 4 EFCore", "Assignment 4 EFCore\Assignment 4 EFCore.csproj", "{26010387-ED80-4470-8E6E-DF10F3A68784}"
EndProject
Global
	GlobalSection(SolutionConfigurationPlatforms) = preSolution
		Debug|Any CPU = Debug|Any CPU
		Release|Any CPU = Release|Any CPU
	EndGlobalSection
	GlobalSection(ProjectConfigurationPlatforms) = postSolution
		{26010387-ED80-4470-8E6E-DF10F3A68784}.Debug|Any CPU.ActiveCfg = Debug|Any CPU
		{26010387-ED80-4470-8E6E-DF10F3A68784}.Debug|Any CPU.Build.0 = Debug|Any CPU
		{26010387-ED80-4470-8E6E-DF10F3A68784}.Release|Any CPU.ActiveCfg = Release|Any CPU
		{26010387-ED80-4470-8E6E-DF10F3A68784}.Release|Any CPU.Build.0 = Release|Any CPU
	EndGlobalSection
	GlobalSection(SolutionProperties) = preSolution
		HideSolutionNode = FALSE
	EndGlobalSection
	GlobalSection(ExtensibilityGlobals) = postSolution
		SolutionGuid = {6B5AAD3A-2EDF-499A-A2E5-00F66F582746}
	EndGlobalSection
EndGlobal
